
Microsoft Visual Studio Solution File, Format Version 12.00
# Visual Studio Version 16
VisualStudioVersion = 16.0.30907.101
MinimumVisualStudioVersion = 10.0.40219.1
Project("{9A19103F-16F7-4668-BE54-9A1E7A4F7556}") = "KampIntro", "KampIntro\KampIntro.csproj", "{53C97983-EEB1-451E-88CB-175C02EA90E9}"
EndProject
Project("{9A19103F-16F7-4668-BE54-9A1E7A4F7556}") = "Donguler", "Donguler\Donguler.csproj", "{70253529-FE85-42FD-A405-9E341D6CBDC4}"
EndProject
Project("{9A19103F-16F7-4668-BE54-9A1E7A4F7556}") = "ClassIntro", "ClassIntro\ClassIntro.csproj", "{EE9F0318-BD08-40BD-856D-4C6733474343}"
EndProject
Project("{9A19103F-16F7-4668-BE54-9A1E7A4F7556}") = "Methods", "Methods\Methods.csproj", "{D35A3D7C-556E-49FC-878A-721F7E059FA6}"
EndProject
Project("{9A19103F-16F7-4668-BE54-9A1E7A4F7556}") = "Math", "Math\Math.csproj", "{C25633A9-0558-4FB2-86D0-ACB6D796F31A}"
EndProject
Project("{9A19103F-16F7-4668-BE54-9A1E7A4F7556}") = "ValueAndReferenceTypes", "ValueAndReferenceTypes\ValueAndReferenceTypes.csproj", "{B43A5A24-3997-48DF-985B-B809DA706551}"
EndProject
Project("{FAE04EC0-301F-11D3-BF4B-00C04F79EFBC}") = "OOP1", "OOP1\OOP1.csproj", "{C8ADF94C-FD01-4975-ABB0-D80DA9D2692A}"
EndProject
Project("{FAE04EC0-301F-11D3-BF4B-00C04F79EFBC}") = "Collections", "Collections\Collections.csproj", "{C133A566-E446-4FB0-B9EF-16C1CA5752A3}"
EndProject
Project("{FAE04EC0-301F-11D3-BF4B-00C04F79EFBC}") = "GenericsIntro", "GenericsIntro\GenericsIntro.csproj", "{0431CA1E-29EE-460D-AFAD-3191337505DB}"
EndProject
Global
	GlobalSection(SolutionConfigurationPlatforms) = preSolution
		Debug|Any CPU = Debug|Any CPU
		Release|Any CPU = Release|Any CPU
	EndGlobalSection
	GlobalSection(ProjectConfigurationPlatforms) = postSolution
		{53C97983-EEB1-451E-88CB-175C02EA90E9}.Debug|Any CPU.ActiveCfg = Debug|Any CPU
		{53C97983-EEB1-451E-88CB-175C02EA90E9}.Debug|Any CPU.Build.0 = Debug|Any CPU
		{53C97983-EEB1-451E-88CB-175C02EA90E9}.Release|Any CPU.ActiveCfg = Release|Any CPU
		{53C97983-EEB1-451E-88CB-175C02EA90E9}.Release|Any CPU.Build.0 = Release|Any CPU
		{70253529-FE85-42FD-A405-9E341D6CBDC4}.Debug|Any CPU.ActiveCfg = Debug|Any CPU
		{70253529-FE85-42FD-A405-9E341D6CBDC4}.Debug|Any CPU.Build.0 = Debug|Any CPU
		{70253529-FE85-42FD-A405-9E341D6CBDC4}.Release|Any CPU.ActiveCfg = Release|Any CPU
		{70253529-FE85-42FD-A405-9E341D6CBDC4}.Release|Any CPU.Build.0 = Release|Any CPU
		{EE9F0318-BD08-40BD-856D-4C6733474343}.Debug|Any CPU.ActiveCfg = Debug|Any CPU
		{EE9F0318-BD08-40BD-856D-4C6733474343}.Debug|Any CPU.Build.0 = Debug|Any CPU
		{EE9F0318-BD08-40BD-856D-4C6733474343}.Release|Any CPU.ActiveCfg = Release|Any CPU
		{EE9F0318-BD08-40BD-856D-4C6733474343}.Release|Any CPU.Build.0 = Release|Any CPU
		{D35A3D7C-556E-49FC-878A-721F7E059FA6}.Debug|Any CPU.ActiveCfg = Debug|Any CPU
		{D35A3D7C-556E-49FC-878A-721F7E059FA6}.Debug|Any CPU.Build.0 = Debug|Any CPU
		{D35A3D7C-556E-49FC-878A-721F7E059FA6}.Release|Any CPU.ActiveCfg = Release|Any CPU
		{D35A3D7C-556E-49FC-878A-721F7E059FA6}.Release|Any CPU.Build.0 = Release|Any CPU
		{C25633A9-0558-4FB2-86D0-ACB6D796F31A}.Debug|Any CPU.ActiveCfg = Debug|Any CPU
		{C25633A9-0558-4FB2-86D0-ACB6D796F31A}.Debug|Any CPU.Build.0 = Debug|Any CPU
		{C25633A9-0558-4FB2-86D0-ACB6D796F31A}.Release|Any CPU.ActiveCfg = Release|Any CPU
		{C25633A9-0558-4FB2-86D0-ACB6D796F31A}.Release|Any CPU.Build.0 = Release|Any CPU
		{B43A5A24-3997-48DF-985B-B809DA706551}.Debug|Any CPU.ActiveCfg = Debug|Any CPU
		{B43A5A24-3997-48DF-985B-B809DA706551}.Debug|Any CPU.Build.0 = Debug|Any CPU
		{B43A5A24-3997-48DF-985B-B809DA706551}.Release|Any CPU.ActiveCfg = Release|Any CPU
		{B43A5A24-3997-48DF-985B-B809DA706551}.Release|Any CPU.Build.0 = Release|Any CPU
		{C8ADF94C-FD01-4975-ABB0-D80DA9D2692A}.Debug|Any CPU.ActiveCfg = Debug|Any CPU
		{C8ADF94C-FD01-4975-ABB0-D80DA9D2692A}.Debug|Any CPU.Build.0 = Debug|Any CPU
		{C8ADF94C-FD01-4975-ABB0-D80DA9D2692A}.Release|Any CPU.ActiveCfg = Release|Any CPU
		{C8ADF94C-FD01-4975-ABB0-D80DA9D2692A}.Release|Any CPU.Build.0 = Release|Any CPU
		{C133A566-E446-4FB0-B9EF-16C1CA5752A3}.Debug|Any CPU.ActiveCfg = Debug|Any CPU
		{C133A566-E446-4FB0-B9EF-16C1CA5752A3}.Debug|Any CPU.Build.0 = Debug|Any CPU
		{C133A566-E446-4FB0-B9EF-16C1CA5752A3}.Release|Any CPU.ActiveCfg = Release|Any CPU
		{C133A566-E446-4FB0-B9EF-16C1CA5752A3}.Release|Any CPU.Build.0 = Release|Any CPU
		{0431CA1E-29EE-460D-AFAD-3191337505DB}.Debug|Any CPU.ActiveCfg = Debug|Any CPU
		{0431CA1E-29EE-460D-AFAD-3191337505DB}.Debug|Any CPU.Build.0 = Debug|Any CPU
		{0431CA1E-29EE-460D-AFAD-3191337505DB}.Release|Any CPU.ActiveCfg = Release|Any CPU
		{0431CA1E-29EE-460D-AFAD-3191337505DB}.Release|Any CPU.Build.0 = Release|Any CPU
	EndGlobalSection
	GlobalSection(SolutionProperties) = preSolution
		HideSolutionNode = FALSE
	EndGlobalSection
	GlobalSection(ExtensibilityGlobals) = postSolution
		SolutionGuid = {E0CDA5AA-5D03-482B-B327-9ACFCFF8D169}
	EndGlobalSection
EndGlobal
